
Microsoft Visual Studio Solution File, Format Version 12.00
# Visual Studio Version 17
VisualStudioVersion = 17.5.002.0
MinimumVisualStudioVersion = 10.0.40219.1
Project("{2150E333-8FDC-42A3-9474-1A3956D46DE8}") = "Back", "Back", "{0594B257-278F-4C13-B2BD-16834B4E99B2}"
EndProject
Project("{2150E333-8FDC-42A3-9474-1A3956D46DE8}") = "src", "src", "{7CD12359-6B54-4AFD-AFE3-3BC78460E8F3}"
EndProject
Project("{9A19103F-16F7-4668-BE54-9A1E7A4F7556}") = "ProEventos.API", "Back\src\ProEventos.API\ProEventos.API.csproj", "{D7B21DCE-7FB9-4E8F-B49F-4E55E536BBC0}"
EndProject
Global
	GlobalSection(SolutionConfigurationPlatforms) = preSolution
		Debug|Any CPU = Debug|Any CPU
		Release|Any CPU = Release|Any CPU
	EndGlobalSection
	GlobalSection(ProjectConfigurationPlatforms) = postSolution
		{D7B21DCE-7FB9-4E8F-B49F-4E55E536BBC0}.Debug|Any CPU.ActiveCfg = Debug|Any CPU
		{D7B21DCE-7FB9-4E8F-B49F-4E55E536BBC0}.Debug|Any CPU.Build.0 = Debug|Any CPU
		{D7B21DCE-7FB9-4E8F-B49F-4E55E536BBC0}.Release|Any CPU.ActiveCfg = Release|Any CPU
		{D7B21DCE-7FB9-4E8F-B49F-4E55E536BBC0}.Release|Any CPU.Build.0 = Release|Any CPU
	EndGlobalSection
	GlobalSection(SolutionProperties) = preSolution
		HideSolutionNode = FALSE
	EndGlobalSection
	GlobalSection(NestedProjects) = preSolution
		{7CD12359-6B54-4AFD-AFE3-3BC78460E8F3} = {0594B257-278F-4C13-B2BD-16834B4E99B2}
		{D7B21DCE-7FB9-4E8F-B49F-4E55E536BBC0} = {7CD12359-6B54-4AFD-AFE3-3BC78460E8F3}
	EndGlobalSection
	GlobalSection(ExtensibilityGlobals) = postSolution
		SolutionGuid = {21B69B80-22AB-47AC-93C7-EA97879AE647}
	EndGlobalSection
EndGlobal
